{
  "version": "5",
  "specifiers": {
    "npm:@types/node@*": "22.15.15",
    "npm:typechat@*": "0.1.1",
    "npm:typescript@5": "5.9.3"
  },
  "npm": {
    "@types/node@22.15.15": {
      "integrity": "sha512-R5muMcZob3/Jjchn5LcO8jdKwSCbzqmPB6ruBxMcf9kbxtniZHP327s6C37iOfuw8mbKK3cAQa7sEl7afLrQ8A==",
      "dependencies": [
        "undici-types"
      ]
    },
    "typechat@0.1.1": {
      "integrity": "sha512-Sw96vmkYqbAahqam7vCp8P/MjIGsR26Odz17UHpVGniYN5ir2B37nRRkoDuRpA5djwNQB+W5TB7w2xoF6kwbHQ=="
    },
    "typescript@5.9.3": {
      "integrity": "sha512-jl1vZzPDinLr9eUt3J/t7V6FgNEw9QjvBPdysz9KfQDD41fQrC2Y4vKQdiaUpFT4bXlb1RHhLpp8wtm6M5TgSw==",
      "bin": true
    },
    "undici-types@6.21.0": {
      "integrity": "sha512-iwDZqg0QAGrg9Rav5H4n0M64c3mkR59cJ6wQp+7C4nI0gsmExaedaYLNO44eT4AtBBwjbTiGPMlt2Md0T9H9JQ=="
    }
  },
  "redirects": {
    "https://esm.sh/@supabase/supabase-js@2": "https://esm.sh/@supabase/supabase-js@2.90.0",
    "https://esm.sh/iceberg-js@^0.8.1?target=denonext": "https://esm.sh/iceberg-js@0.8.1?target=denonext"
  },
  "remote": {
    "https://deno.land/std@0.200.0/async/delay.ts": "a6142eb44cdd856b645086af2b811b1fcce08ec06bb7d50969e6a872ee9b8659",
    "https://deno.land/std@0.200.0/http/server.ts": "1b2403b3c544c0624ad23e8ca4e05877e65380d9e0d75d04957432d65c3d5f41",
    "https://esm.sh/@supabase/auth-js@2.90.0/denonext/auth-js.mjs": "ddabbb975ae341c51c7a9ce23628bf67d2b11f90d269e7fd13f1b34ee861416d",
    "https://esm.sh/@supabase/functions-js@2.90.0/denonext/functions-js.mjs": "8822668cc03745a71b6bea484f3d121a61c17cba513a64fa640ceee9d05c5623",
    "https://esm.sh/@supabase/postgrest-js@2.90.0/denonext/postgrest-js.mjs": "8b12f766df62e18bb38559351469f1ca117300bce3b77acb5041b37502dfd1e6",
    "https://esm.sh/@supabase/realtime-js@2.90.0/denonext/realtime-js.mjs": "3f25de984f70718caec84009fc45e8640fbb4b5dd652e0a48fe1886f76464ad8",
    "https://esm.sh/@supabase/storage-js@2.90.0/denonext/storage-js.mjs": "55a3b754a9fb8f5fb95b92d70026fb89006250aa8e2f40a4787fa2375ae437fc",
    "https://esm.sh/@supabase/supabase-js@2.90.0": "51b4175b915029179880e57cd4fea3606cbb460c3c17622fa442e7c4b2480ebb",
    "https://esm.sh/@supabase/supabase-js@2.90.0/denonext/supabase-js.mjs": "faca17f4d6f583e0250ec6c4a1c61858b74123770f4ecd04fc5f317240cc332c",
    "https://esm.sh/iceberg-js@0.8.1/denonext/iceberg-js.mjs": "d839d81a2e3966500ca2cdd0c1cb458e9608bacfc91f7bb67a69b2e878dcdb4f",
    "https://esm.sh/iceberg-js@0.8.1?target=denonext": "58c849d7fe2bf4eca4a84eb501e83c161a7d8c34ca1bec15a962b3bec3062633",
    "https://esm.sh/tslib@2.8.1/denonext/tslib.mjs": "c38da5dd6da6281964435002ce204cd586634fe3bdfb24a0ee116f48cf3292e9"
  }
}
